
Microsoft Visual Studio Solution File, Format Version 12.00
# Visual Studio Version 17
VisualStudioVersion = 17.13.35919.96 d17.13
MinimumVisualStudioVersion = 10.0.40219.1
Project("{FAE04EC0-301F-11D3-BF4B-00C04F79EFBC}") = "Bai20Lab13", "Bai20Lab13.csproj", "{36AB57CF-EFF5-452A-B355-B38A47209CBE}"
EndProject
Global
	GlobalSection(SolutionConfigurationPlatforms) = preSolution
		Debug|Any CPU = Debug|Any CPU
		Release|Any CPU = Release|Any CPU
	EndGlobalSection
	GlobalSection(ProjectConfigurationPlatforms) = postSolution
		{36AB57CF-EFF5-452A-B355-B38A47209CBE}.Debug|Any CPU.ActiveCfg = Debug|Any CPU
		{36AB57CF-EFF5-452A-B355-B38A47209CBE}.Debug|Any CPU.Build.0 = Debug|Any CPU
		{36AB57CF-EFF5-452A-B355-B38A47209CBE}.Release|Any CPU.ActiveCfg = Release|Any CPU
		{36AB57CF-EFF5-452A-B355-B38A47209CBE}.Release|Any CPU.Build.0 = Release|Any CPU
	EndGlobalSection
	GlobalSection(SolutionProperties) = preSolution
		HideSolutionNode = FALSE
	EndGlobalSection
	GlobalSection(ExtensibilityGlobals) = postSolution
		SolutionGuid = {A21A77F5-E56B-4C1B-BB33-FEAA4F62AF0C}
	EndGlobalSection
EndGlobal
