
Microsoft Visual Studio Solution File, Format Version 12.00
# Visual Studio Version 17
VisualStudioVersion = 17.13.35919.96 d17.13
MinimumVisualStudioVersion = 10.0.40219.1
Project("{FAE04EC0-301F-11D3-BF4B-00C04F79EFBC}") = "Bai17Lab13", "Bai17Lab13.csproj", "{8688EC2D-42BC-4995-B7D6-0B1BF8276613}"
EndProject
Global
	GlobalSection(SolutionConfigurationPlatforms) = preSolution
		Debug|Any CPU = Debug|Any CPU
		Release|Any CPU = Release|Any CPU
	EndGlobalSection
	GlobalSection(ProjectConfigurationPlatforms) = postSolution
		{8688EC2D-42BC-4995-B7D6-0B1BF8276613}.Debug|Any CPU.ActiveCfg = Debug|Any CPU
		{8688EC2D-42BC-4995-B7D6-0B1BF8276613}.Debug|Any CPU.Build.0 = Debug|Any CPU
		{8688EC2D-42BC-4995-B7D6-0B1BF8276613}.Release|Any CPU.ActiveCfg = Release|Any CPU
		{8688EC2D-42BC-4995-B7D6-0B1BF8276613}.Release|Any CPU.Build.0 = Release|Any CPU
	EndGlobalSection
	GlobalSection(SolutionProperties) = preSolution
		HideSolutionNode = FALSE
	EndGlobalSection
	GlobalSection(ExtensibilityGlobals) = postSolution
		SolutionGuid = {2DE33BCA-62A6-41A7-AD6C-567F7BB0E4B5}
	EndGlobalSection
EndGlobal
